{
  "name": "numero-secreto",
  "version": "1.0.0",
  "lockfileVersion": 3,
  "requires": true,
  "packages": {
    "": {
      "name": "numero-secreto",
      "version": "1.0.0",
      "license": "ISC",
      "dependencies": {
        "numero-secreto": "file:"
      }
    },
    "node_modules/numero-secreto": {
      "resolved": "",
      "link": true
    }
  }
}
